# THIS IS AN AUTOGENERATED FILE. DO NOT EDIT THIS FILE DIRECTLY.
# yarn lockfile v1


"@types/node@*":
  "integrity" "sha512-um/+/ip3QZmwLfIkWZSNtQIJNVAqrJ92OkLMeuZrjZMTAJniI7fh8N8OICyDhAJ2mzgk/fmYFo72jRr5HyZ1EQ=="
  "resolved" "https://registry.npmjs.org/@types/node/-/node-15.14.0.tgz"
  "version" "15.14.0"

"@types/redis@^2.8.30":
  "integrity" "sha512-4D3XwfIc671FSNXNruE/wmf6jWL7QYtyAhiWXJDkY41F4atMnOol4584oP4WqnW3uHe8d+Jn+wDLuQaxbfMgXQ=="
  "resolved" "https://registry.npmjs.org/@types/redis/-/redis-2.8.30.tgz"
  "version" "2.8.30"
  dependencies:
    "@types/node" "*"

"denque@^1.5.0":
  "integrity" "sha512-CYiCSgIF1p6EUByQPlGkKnP1M9g0ZV3qMIrqMqZqdwazygIA/YP2vrbcyl1h/WppKJTdl1F85cXIle+394iDAQ=="
  "resolved" "https://registry.npmjs.org/denque/-/denque-1.5.0.tgz"
  "version" "1.5.0"

"redis-commands@^1.7.0":
  "integrity" "sha512-nJWqw3bTFy21hX/CPKHth6sfhZbdiHP6bTawSgQBlKOVRG7EZkfHbbHwQJnrE4vsQf0CMNE+3gJ4Fmm16vdVlQ=="
  "resolved" "https://registry.npmjs.org/redis-commands/-/redis-commands-1.7.0.tgz"
  "version" "1.7.0"

"redis-errors@^1.0.0", "redis-errors@^1.2.0":
  "integrity" "sha1-62LSrbFeTq9GEMBK/hUpOEJQq60="
  "resolved" "https://registry.npmjs.org/redis-errors/-/redis-errors-1.2.0.tgz"
  "version" "1.2.0"

"redis-parser@^3.0.0":
  "integrity" "sha1-tm2CjNyv5rS4pCin3vTGvKwxyLQ="
  "resolved" "https://registry.npmjs.org/redis-parser/-/redis-parser-3.0.0.tgz"
  "version" "3.0.0"
  dependencies:
    "redis-errors" "^1.0.0"

"redis@^3.1.2":
  "integrity" "sha512-grn5KoZLr/qrRQVwoSkmzdbw6pwF+/rwODtrOr6vuBRiR/f3rjSTGupbF90Zpqm2oenix8Do6RV7pYEkGwlKkw=="
  "resolved" "https://registry.npmjs.org/redis/-/redis-3.1.2.tgz"
  "version" "3.1.2"
  dependencies:
    "denque" "^1.5.0"
    "redis-commands" "^1.7.0"
    "redis-errors" "^1.2.0"
    "redis-parser" "^3.0.0"

"typescript@4.3.5":
  "integrity" "sha512-DqQgihaQ9cUrskJo9kIyW/+g0Vxsk8cDtZ52a3NGh0YNTfpUSArXSohyUGnvbPazEPLu398C0UxmKSOrPumUzA=="
  "resolved" "https://registry.npmjs.org/typescript/-/typescript-4.3.5.tgz"
  "version" "4.3.5"
